
Microsoft Visual Studio Solution File, Format Version 12.00
# Visual Studio Version 17
VisualStudioVersion = 17.12.35323.107
MinimumVisualStudioVersion = 10.0.40219.1
Project("{FAE04EC0-301F-11D3-BF4B-00C04F79EFBC}") = "ClientAdressCompany.Server", "ClientAdressCompany.Server\ClientAdressCompany.Server.csproj", "{0623F739-058B-43FF-8FE2-30A096B1B6C2}"
EndProject
Project("{54A90642-561A-4BB1-A94E-469ADEE60C69}") = "clientadresscompany.client", "clientadresscompany.client\clientadresscompany.client.esproj", "{0E8443EB-DFD9-42B0-8F23-9CF0D67CC4CD}"
EndProject
Global
	GlobalSection(SolutionConfigurationPlatforms) = preSolution
		Debug|Any CPU = Debug|Any CPU
		Release|Any CPU = Release|Any CPU
	EndGlobalSection
	GlobalSection(ProjectConfigurationPlatforms) = postSolution
		{0623F739-058B-43FF-8FE2-30A096B1B6C2}.Debug|Any CPU.ActiveCfg = Debug|Any CPU
		{0623F739-058B-43FF-8FE2-30A096B1B6C2}.Debug|Any CPU.Build.0 = Debug|Any CPU
		{0623F739-058B-43FF-8FE2-30A096B1B6C2}.Release|Any CPU.ActiveCfg = Release|Any CPU
		{0623F739-058B-43FF-8FE2-30A096B1B6C2}.Release|Any CPU.Build.0 = Release|Any CPU
		{0E8443EB-DFD9-42B0-8F23-9CF0D67CC4CD}.Debug|Any CPU.ActiveCfg = Debug|Any CPU
		{0E8443EB-DFD9-42B0-8F23-9CF0D67CC4CD}.Debug|Any CPU.Build.0 = Debug|Any CPU
		{0E8443EB-DFD9-42B0-8F23-9CF0D67CC4CD}.Debug|Any CPU.Deploy.0 = Debug|Any CPU
		{0E8443EB-DFD9-42B0-8F23-9CF0D67CC4CD}.Release|Any CPU.ActiveCfg = Release|Any CPU
		{0E8443EB-DFD9-42B0-8F23-9CF0D67CC4CD}.Release|Any CPU.Build.0 = Release|Any CPU
		{0E8443EB-DFD9-42B0-8F23-9CF0D67CC4CD}.Release|Any CPU.Deploy.0 = Release|Any CPU
	EndGlobalSection
	GlobalSection(SolutionProperties) = preSolution
		HideSolutionNode = FALSE
	EndGlobalSection
	GlobalSection(ExtensibilityGlobals) = postSolution
		SolutionGuid = {6E5D2329-B591-4994-8CB7-9B762027DACE}
	EndGlobalSection
EndGlobal
